Microsoft Visual Studio Solution File, Format Version 12.00
# Visual Studio 2012
Project("{FAE04EC0-301F-11D3-BF4B-00C04F79EFBC}") = "Squash the Creeps (3D)", "Squash the Creeps (3D).csproj", "{325C77DC-5B65-4E95-B406-35D3610529BD}"
EndProject
Global
	GlobalSection(SolutionConfigurationPlatforms) = preSolution
	Debug|Any CPU = Debug|Any CPU
	ExportDebug|Any CPU = ExportDebug|Any CPU
	ExportRelease|Any CPU = ExportRelease|Any CPU
	EndGlobalSection
	GlobalSection(ProjectConfigurationPlatforms) = postSolution
		{325C77DC-5B65-4E95-B406-35D3610529BD}.Debug|Any CPU.ActiveCfg = Debug|Any CPU
		{325C77DC-5B65-4E95-B406-35D3610529BD}.Debug|Any CPU.Build.0 = Debug|Any CPU
		{325C77DC-5B65-4E95-B406-35D3610529BD}.ExportDebug|Any CPU.ActiveCfg = ExportDebug|Any CPU
		{325C77DC-5B65-4E95-B406-35D3610529BD}.ExportDebug|Any CPU.Build.0 = ExportDebug|Any CPU
		{325C77DC-5B65-4E95-B406-35D3610529BD}.ExportRelease|Any CPU.ActiveCfg = ExportRelease|Any CPU
		{325C77DC-5B65-4E95-B406-35D3610529BD}.ExportRelease|Any CPU.Build.0 = ExportRelease|Any CPU
	EndGlobalSection
EndGlobal
